
Microsoft Visual Studio Solution File, Format Version 12.00
# Visual Studio Version 16
VisualStudioVersion = 16.0.32901.82
MinimumVisualStudioVersion = 10.0.40219.1
Project("{FAE04EC0-301F-11D3-BF4B-00C04F79EFBC}") = "MoriiCoffee", "MoriiCoffee.csproj", "{270DB9C4-3A1B-4E35-8765-3FA6F292BA2F}"
EndProject
Project("{FAE04EC0-301F-11D3-BF4B-00C04F79EFBC}") = "Model", "Model\Model.csproj", "{006AE39F-641A-4BBC-9E24-496F63107FA7}"
EndProject
Global
	GlobalSection(SolutionConfigurationPlatforms) = preSolution
		Debug|Any CPU = Debug|Any CPU
		Release|Any CPU = Release|Any CPU
	EndGlobalSection
	GlobalSection(ProjectConfigurationPlatforms) = postSolution
		{270DB9C4-3A1B-4E35-8765-3FA6F292BA2F}.Debug|Any CPU.ActiveCfg = Release|Any CPU
		{270DB9C4-3A1B-4E35-8765-3FA6F292BA2F}.Debug|Any CPU.Build.0 = Release|Any CPU
		{270DB9C4-3A1B-4E35-8765-3FA6F292BA2F}.Release|Any CPU.ActiveCfg = Release|Any CPU
		{270DB9C4-3A1B-4E35-8765-3FA6F292BA2F}.Release|Any CPU.Build.0 = Release|Any CPU
		{006AE39F-641A-4BBC-9E24-496F63107FA7}.Debug|Any CPU.ActiveCfg = Release|Any CPU
		{006AE39F-641A-4BBC-9E24-496F63107FA7}.Debug|Any CPU.Build.0 = Release|Any CPU
		{006AE39F-641A-4BBC-9E24-496F63107FA7}.Release|Any CPU.ActiveCfg = Release|Any CPU
		{006AE39F-641A-4BBC-9E24-496F63107FA7}.Release|Any CPU.Build.0 = Release|Any CPU
	EndGlobalSection
	GlobalSection(SolutionProperties) = preSolution
		HideSolutionNode = FALSE
	EndGlobalSection
	GlobalSection(ExtensibilityGlobals) = postSolution
		SolutionGuid = {A6AD144F-B23C-4241-9FBA-CFB8FA9A8DAA}
	EndGlobalSection
EndGlobal
